
Microsoft Visual Studio Solution File, Format Version 11.00
# Visual Studio 2010
Project("{FAE04EC0-301F-11D3-BF4B-00C04F79EFBC}") = "VPet", "Assembly-CSharp.csproj", "{8822C7C9-5F9C-C025-E47D-C6E593A54D9C}"
EndProject
Project("{FAE04EC0-301F-11D3-BF4B-00C04F79EFBC}") = "VPet", "Assembly-CSharp-firstpass.csproj", "{E7A55436-23EF-948A-584B-1F0006C919EF}"
EndProject
Project("{FAE04EC0-301F-11D3-BF4B-00C04F79EFBC}") = "VPet", "Assembly-CSharp-Editor-firstpass.csproj", "{8A6A1A0D-286B-6148-4035-05037E8A4537}"
EndProject
Project("{FAE04EC0-301F-11D3-BF4B-00C04F79EFBC}") = "VPet", "Assembly-CSharp-Editor.csproj", "{700B530A-4A1C-E693-0440-F57AB4715CB1}"
EndProject
Global
	GlobalSection(SolutionConfigurationPlatforms) = preSolution
		Debug|Any CPU = Debug|Any CPU
		Release|Any CPU = Release|Any CPU
	EndGlobalSection
	GlobalSection(ProjectConfigurationPlatforms) = postSolution
		{8822C7C9-5F9C-C025-E47D-C6E593A54D9C}.Debug|Any CPU.ActiveCfg = Debug|Any CPU
		{8822C7C9-5F9C-C025-E47D-C6E593A54D9C}.Debug|Any CPU.Build.0 = Debug|Any CPU
		{8822C7C9-5F9C-C025-E47D-C6E593A54D9C}.Release|Any CPU.ActiveCfg = Release|Any CPU
		{8822C7C9-5F9C-C025-E47D-C6E593A54D9C}.Release|Any CPU.Build.0 = Release|Any CPU
		{E7A55436-23EF-948A-584B-1F0006C919EF}.Debug|Any CPU.ActiveCfg = Debug|Any CPU
		{E7A55436-23EF-948A-584B-1F0006C919EF}.Debug|Any CPU.Build.0 = Debug|Any CPU
		{E7A55436-23EF-948A-584B-1F0006C919EF}.Release|Any CPU.ActiveCfg = Release|Any CPU
		{E7A55436-23EF-948A-584B-1F0006C919EF}.Release|Any CPU.Build.0 = Release|Any CPU
		{8A6A1A0D-286B-6148-4035-05037E8A4537}.Debug|Any CPU.ActiveCfg = Debug|Any CPU
		{8A6A1A0D-286B-6148-4035-05037E8A4537}.Debug|Any CPU.Build.0 = Debug|Any CPU
		{8A6A1A0D-286B-6148-4035-05037E8A4537}.Release|Any CPU.ActiveCfg = Release|Any CPU
		{8A6A1A0D-286B-6148-4035-05037E8A4537}.Release|Any CPU.Build.0 = Release|Any CPU
		{700B530A-4A1C-E693-0440-F57AB4715CB1}.Debug|Any CPU.ActiveCfg = Debug|Any CPU
		{700B530A-4A1C-E693-0440-F57AB4715CB1}.Debug|Any CPU.Build.0 = Debug|Any CPU
		{700B530A-4A1C-E693-0440-F57AB4715CB1}.Release|Any CPU.ActiveCfg = Release|Any CPU
		{700B530A-4A1C-E693-0440-F57AB4715CB1}.Release|Any CPU.Build.0 = Release|Any CPU
	EndGlobalSection
	GlobalSection(SolutionProperties) = preSolution
		HideSolutionNode = FALSE
	EndGlobalSection
	GlobalSection(MonoDevelopProperties) = preSolution
		StartupItem = Assembly-CSharp.csproj
	EndGlobalSection
EndGlobal
